// !$*UTF8*$!
{
	archiveVersion = 1;
	classes = {
	};
	objectVersion = 51;
	objects = {

/* Begin PBXBuildFile section */
		36106D6623CF6C5F00E4143A /* AddHabitViewController.swift in Sources */ = {isa = PBXBuildFile; fileRef = 36106D6523CF6C5F00E4143A /* AddHabitViewController.swift */; };
		3611111E23CF70DD0031B7EB /* GoogleService-Info.plist in Resources */ = {isa = PBXBuildFile; fileRef = 3611111D23CF70DD0031B7EB /* GoogleService-Info.plist */; };
		36118A8023D3875E00323AA1 /* Habit.swift in Sources */ = {isa = PBXBuildFile; fileRef = 36118A7F23D3875E00323AA1 /* Habit.swift */; };
		3620341A23CE4D5C00939EAF /* AppDelegate.swift in Sources */ = {isa = PBXBuildFile; fileRef = 3620341923CE4D5C00939EAF /* AppDelegate.swift */; };
		3620341C23CE4D5C00939EAF /* SceneDelegate.swift in Sources */ = {isa = PBXBuildFile; fileRef = 3620341B23CE4D5C00939EAF /* SceneDelegate.swift */; };
		3620341E23CE4D5C00939EAF /* HomeViewController.swift in Sources */ = {isa = PBXBuildFile; fileRef = 3620341D23CE4D5C00939EAF /* HomeViewController.swift */; };
		3620342023CE4D5C00939EAF /* CalendarViewController.swift in Sources */ = {isa = PBXBuildFile; fileRef = 3620341F23CE4D5C00939EAF /* CalendarViewController.swift */; };
		3620342323CE4D5C00939EAF /* Main.storyboard in Resources */ = {isa = PBXBuildFile; fileRef = 3620342123CE4D5C00939EAF /* Main.storyboard */; };
		3620342523CE4D5D00939EAF /* Assets.xcassets in Resources */ = {isa = PBXBuildFile; fileRef = 3620342423CE4D5D00939EAF /* Assets.xcassets */; };
		3620342823CE4D5D00939EAF /* LaunchScreen.storyboard in Resources */ = {isa = PBXBuildFile; fileRef = 3620342623CE4D5D00939EAF /* LaunchScreen.storyboard */; };
		3620343323CE4D5E00939EAF /* ToDooTests.swift in Sources */ = {isa = PBXBuildFile; fileRef = 3620343223CE4D5E00939EAF /* ToDooTests.swift */; };
		3620343E23CE4D5E00939EAF /* ToDooUITests.swift in Sources */ = {isa = PBXBuildFile; fileRef = 3620343D23CE4D5E00939EAF /* ToDooUITests.swift */; };
		3620344D23CE53C700939EAF /* WelcomeViewController.swift in Sources */ = {isa = PBXBuildFile; fileRef = 3620344C23CE53C700939EAF /* WelcomeViewController.swift */; };
		362F958823CFAA620056E4C9 /* HabitTableViewCell.swift in Sources */ = {isa = PBXBuildFile; fileRef = 362F958723CFAA620056E4C9 /* HabitTableViewCell.swift */; };
		3635BBAD23EB570900869962 /* AddHabitViewModel.swift in Sources */ = {isa = PBXBuildFile; fileRef = 3635BBAC23EB570900869962 /* AddHabitViewModel.swift */; };
		3635BBB223EB5E3F00869962 /* AddHabitNameCell.swift in Sources */ = {isa = PBXBuildFile; fileRef = 3635BBB023EB5E3F00869962 /* AddHabitNameCell.swift */; };
		3635BBB323EB5E3F00869962 /* AddHabitNameCell.xib in Resources */ = {isa = PBXBuildFile; fileRef = 3635BBB123EB5E3F00869962 /* AddHabitNameCell.xib */; };
		3635BBB623EB657700869962 /* AddHabitColorCell.swift in Sources */ = {isa = PBXBuildFile; fileRef = 3635BBB423EB657700869962 /* AddHabitColorCell.swift */; };
		3635BBB723EB657700869962 /* AddHabitColorCell.xib in Resources */ = {isa = PBXBuildFile; fileRef = 3635BBB523EB657700869962 /* AddHabitColorCell.xib */; };
		3635BBBA23EB681000869962 /* ColorCell.swift in Sources */ = {isa = PBXBuildFile; fileRef = 3635BBB823EB681000869962 /* ColorCell.swift */; };
		3635BBBB23EB681000869962 /* ColorCell.xib in Resources */ = {isa = PBXBuildFile; fileRef = 3635BBB923EB681000869962 /* ColorCell.xib */; };
		3635BBBE23EB6E7500869962 /* AddHabitRepeatCell.swift in Sources */ = {isa = PBXBuildFile; fileRef = 3635BBBC23EB6E7500869962 /* AddHabitRepeatCell.swift */; };
		3635BBBF23EB6E7500869962 /* AddHabitRepeatCell.xib in Resources */ = {isa = PBXBuildFile; fileRef = 3635BBBD23EB6E7500869962 /* AddHabitRepeatCell.xib */; };
		3635BBC223EB704900869962 /* AddHabitToggleCell.swift in Sources */ = {isa = PBXBuildFile; fileRef = 3635BBC023EB704900869962 /* AddHabitToggleCell.swift */; };
		3635BBC323EB704900869962 /* AddHabitToggleCell.xib in Resources */ = {isa = PBXBuildFile; fileRef = 3635BBC123EB704900869962 /* AddHabitToggleCell.xib */; };
		364CBE1423CE5C1900B14A95 /* ChatViewController.swift in Sources */ = {isa = PBXBuildFile; fileRef = 364CBE1323CE5C1900B14A95 /* ChatViewController.swift */; };
		364CBE1623CE5C2B00B14A95 /* SettingsViewController.swift in Sources */ = {isa = PBXBuildFile; fileRef = 364CBE1523CE5C2B00B14A95 /* SettingsViewController.swift */; };
		364CBE1823CE6BFA00B14A95 /* Constants.swift in Sources */ = {isa = PBXBuildFile; fileRef = 364CBE1723CE6BFA00B14A95 /* Constants.swift */; };
		365787D623E104C2003699FA /* SelectDayViewController.swift in Sources */ = {isa = PBXBuildFile; fileRef = 365787D523E104C2003699FA /* SelectDayViewController.swift */; };
		36B4296623E32AE900C2369B /* Utility.swift in Sources */ = {isa = PBXBuildFile; fileRef = 36B4296523E32AE900C2369B /* Utility.swift */; };
		36B6C67423CE599900DD4839 /* RegisterViewController.swift in Sources */ = {isa = PBXBuildFile; fileRef = 36B6C67323CE599900DD4839 /* RegisterViewController.swift */; };
		36B6C67623CE59CB00DD4839 /* LoginViewController.swift in Sources */ = {isa = PBXBuildFile; fileRef = 36B6C67523CE59CB00DD4839 /* LoginViewController.swift */; };
		57FDB228972BAC065FEDDFBA /* Pods_ToDoo.framework in Frameworks */ = {isa = PBXBuildFile; fileRef = 63FE7093839B0AE6E866627D /* Pods_ToDoo.framework */; };
/* End PBXBuildFile section */

/* Begin PBXContainerItemProxy section */
		3620342F23CE4D5E00939EAF /* PBXContainerItemProxy */ = {
			isa = PBXContainerItemProxy;
			containerPortal = 3620340E23CE4D5C00939EAF /* Project object */;
			proxyType = 1;
			remoteGlobalIDString = 3620341523CE4D5C00939EAF;
			remoteInfo = ToDoo;
		};
		3620343A23CE4D5E00939EAF /* PBXContainerItemProxy */ = {
			isa = PBXContainerItemProxy;
			containerPortal = 3620340E23CE4D5C00939EAF /* Project object */;
			proxyType = 1;
			remoteGlobalIDString = 3620341523CE4D5C00939EAF;
			remoteInfo = ToDoo;
		};
/* End PBXContainerItemProxy section */

/* Begin PBXFileReference section */
		36106D6523CF6C5F00E4143A /* AddHabitViewController.swift */ = {isa = PBXFileReference; lastKnownFileType = sourcecode.swift; name = AddHabitViewController.swift; path = ToDoo/Controllers/AddHabitViewController.swift; sourceTree = SOURCE_ROOT; };
		3611111D23CF70DD0031B7EB /* GoogleService-Info.plist */ = {isa = PBXFileReference; fileEncoding = 4; lastKnownFileType = text.plist.xml; path = "GoogleService-Info.plist"; sourceTree = "<group>"; };
		36118A7F23D3875E00323AA1 /* Habit.swift */ = {isa = PBXFileReference; lastKnownFileType = sourcecode.swift; path = Habit.swift; sourceTree = "<group>"; };
		3620341623CE4D5C00939EAF /* ToDoo.app */ = {isa = PBXFileReference; explicitFileType = wrapper.application; includeInIndex = 0; path = ToDoo.app; sourceTree = BUILT_PRODUCTS_DIR; };
		3620341923CE4D5C00939EAF /* AppDelegate.swift */ = {isa = PBXFileReference; lastKnownFileType = sourcecode.swift; path = AppDelegate.swift; sourceTree = "<group>"; };
		3620341B23CE4D5C00939EAF /* SceneDelegate.swift */ = {isa = PBXFileReference; lastKnownFileType = sourcecode.swift; path = SceneDelegate.swift; sourceTree = "<group>"; };
		3620341D23CE4D5C00939EAF /* HomeViewController.swift */ = {isa = PBXFileReference; lastKnownFileType = sourcecode.swift; path = HomeViewController.swift; sourceTree = "<group>"; };
		3620341F23CE4D5C00939EAF /* CalendarViewController.swift */ = {isa = PBXFileReference; lastKnownFileType = sourcecode.swift; path = CalendarViewController.swift; sourceTree = "<group>"; };
		3620342223CE4D5C00939EAF /* Base */ = {isa = PBXFileReference; lastKnownFileType = file.storyboard; name = Base; path = Base.lproj/Main.storyboard; sourceTree = "<group>"; };
		3620342423CE4D5D00939EAF /* Assets.xcassets */ = {isa = PBXFileReference; lastKnownFileType = folder.assetcatalog; path = Assets.xcassets; sourceTree = "<group>"; };
		3620342723CE4D5D00939EAF /* Base */ = {isa = PBXFileReference; lastKnownFileType = file.storyboard; name = Base; path = Base.lproj/LaunchScreen.storyboard; sourceTree = "<group>"; };
		3620342923CE4D5D00939EAF /* Info.plist */ = {isa = PBXFileReference; lastKnownFileType = text.plist.xml; path = Info.plist; sourceTree = "<group>"; };
		3620342E23CE4D5E00939EAF /* ToDooTests.xctest */ = {isa = PBXFileReference; explicitFileType = wrapper.cfbundle; includeInIndex = 0; path = ToDooTests.xctest; sourceTree = BUILT_PRODUCTS_DIR; };
		3620343223CE4D5E00939EAF /* ToDooTests.swift */ = {isa = PBXFileReference; lastKnownFileType = sourcecode.swift; path = ToDooTests.swift; sourceTree = "<group>"; };
		3620343423CE4D5E00939EAF /* Info.plist */ = {isa = PBXFileReference; lastKnownFileType = text.plist.xml; path = Info.plist; sourceTree = "<group>"; };
		3620343923CE4D5E00939EAF /* ToDooUITests.xctest */ = {isa = PBXFileReference; explicitFileType = wrapper.cfbundle; includeInIndex = 0; path = ToDooUITests.xctest; sourceTree = BUILT_PRODUCTS_DIR; };
		3620343D23CE4D5E00939EAF /* ToDooUITests.swift */ = {isa = PBXFileReference; lastKnownFileType = sourcecode.swift; path = ToDooUITests.swift; sourceTree = "<group>"; };
		3620343F23CE4D5E00939EAF /* Info.plist */ = {isa = PBXFileReference; lastKnownFileType = text.plist.xml; path = Info.plist; sourceTree = "<group>"; };
		3620344B23CE4D7400939EAF /* ToDoo.entitlements */ = {isa = PBXFileReference; lastKnownFileType = text.plist.entitlements; path = ToDoo.entitlements; sourceTree = "<group>"; };
		3620344C23CE53C700939EAF /* WelcomeViewController.swift */ = {isa = PBXFileReference; lastKnownFileType = sourcecode.swift; path = WelcomeViewController.swift; sourceTree = "<group>"; };
		362F958723CFAA620056E4C9 /* HabitTableViewCell.swift */ = {isa = PBXFileReference; lastKnownFileType = sourcecode.swift; path = HabitTableViewCell.swift; sourceTree = "<group>"; };
		3635BBAC23EB570900869962 /* AddHabitViewModel.swift */ = {isa = PBXFileReference; lastKnownFileType = sourcecode.swift; path = AddHabitViewModel.swift; sourceTree = "<group>"; };
		3635BBB023EB5E3F00869962 /* AddHabitNameCell.swift */ = {isa = PBXFileReference; lastKnownFileType = sourcecode.swift; path = AddHabitNameCell.swift; sourceTree = "<group>"; };
		3635BBB123EB5E3F00869962 /* AddHabitNameCell.xib */ = {isa = PBXFileReference; lastKnownFileType = file.xib; path = AddHabitNameCell.xib; sourceTree = "<group>"; };
		3635BBB423EB657700869962 /* AddHabitColorCell.swift */ = {isa = PBXFileReference; lastKnownFileType = sourcecode.swift; path = AddHabitColorCell.swift; sourceTree = "<group>"; };
		3635BBB523EB657700869962 /* AddHabitColorCell.xib */ = {isa = PBXFileReference; lastKnownFileType = file.xib; path = AddHabitColorCell.xib; sourceTree = "<group>"; };
		3635BBB823EB681000869962 /* ColorCell.swift */ = {isa = PBXFileReference; lastKnownFileType = sourcecode.swift; path = ColorCell.swift; sourceTree = "<group>"; };
		3635BBB923EB681000869962 /* ColorCell.xib */ = {isa = PBXFileReference; lastKnownFileType = file.xib; path = ColorCell.xib; sourceTree = "<group>"; };
		3635BBBC23EB6E7500869962 /* AddHabitRepeatCell.swift */ = {isa = PBXFileReference; lastKnownFileType = sourcecode.swift; path = AddHabitRepeatCell.swift; sourceTree = "<group>"; };
		3635BBBD23EB6E7500869962 /* AddHabitRepeatCell.xib */ = {isa = PBXFileReference; lastKnownFileType = file.xib; path = AddHabitRepeatCell.xib; sourceTree = "<group>"; };
		3635BBC023EB704900869962 /* AddHabitToggleCell.swift */ = {isa = PBXFileReference; lastKnownFileType = sourcecode.swift; path = AddHabitToggleCell.swift; sourceTree = "<group>"; };
		3635BBC123EB704900869962 /* AddHabitToggleCell.xib */ = {isa = PBXFileReference; lastKnownFileType = file.xib; path = AddHabitToggleCell.xib; sourceTree = "<group>"; };
		364CBE1323CE5C1900B14A95 /* ChatViewController.swift */ = {isa = PBXFileReference; lastKnownFileType = sourcecode.swift; path = ChatViewController.swift; sourceTree = "<group>"; };
		364CBE1523CE5C2B00B14A95 /* SettingsViewController.swift */ = {isa = PBXFileReference; lastKnownFileType = sourcecode.swift; path = SettingsViewController.swift; sourceTree = "<group>"; };
		364CBE1723CE6BFA00B14A95 /* Constants.swift */ = {isa = PBXFileReference; lastKnownFileType = sourcecode.swift; path = Constants.swift; sourceTree = "<group>"; };
		365787D523E104C2003699FA /* SelectDayViewController.swift */ = {isa = PBXFileReference; lastKnownFileType = sourcecode.swift; path = SelectDayViewController.swift; sourceTree = "<group>"; };
		36B4296523E32AE900C2369B /* Utility.swift */ = {isa = PBXFileReference; lastKnownFileType = sourcecode.swift; path = Utility.swift; sourceTree = "<group>"; };
		36B6C67323CE599900DD4839 /* RegisterViewController.swift */ = {isa = PBXFileReference; lastKnownFileType = sourcecode.swift; path = RegisterViewController.swift; sourceTree = "<group>"; };
		36B6C67523CE59CB00DD4839 /* LoginViewController.swift */ = {isa = PBXFileReference; lastKnownFileType = sourcecode.swift; path = LoginViewController.swift; sourceTree = "<group>"; };
		63FE7093839B0AE6E866627D /* Pods_ToDoo.framework */ = {isa = PBXFileReference; explicitFileType = wrapper.framework; includeInIndex = 0; path = Pods_ToDoo.framework; sourceTree = BUILT_PRODUCTS_DIR; };
		6B01B74D1DFBBF66DD57A4BE /* Pods-ToDoo.release.xcconfig */ = {isa = PBXFileReference; includeInIndex = 1; lastKnownFileType = text.xcconfig; name = "Pods-ToDoo.release.xcconfig"; path = "Target Support Files/Pods-ToDoo/Pods-ToDoo.release.xcconfig"; sourceTree = "<group>"; };
		C09EB90673CBF52DAEA03C36 /* Pods-ToDoo.debug.xcconfig */ = {isa = PBXFileReference; includeInIndex = 1; lastKnownFileType = text.xcconfig; name = "Pods-ToDoo.debug.xcconfig"; path = "Target Support Files/Pods-ToDoo/Pods-ToDoo.debug.xcconfig"; sourceTree = "<group>"; };
/* End PBXFileReference section */

/* Begin PBXFrameworksBuildPhase section */
		3620341323CE4D5C00939EAF /* Frameworks */ = {
			isa = PBXFrameworksBuildPhase;
			buildActionMask = 2147483647;
			files = (
				57FDB228972BAC065FEDDFBA /* Pods_ToDoo.framework in Frameworks */,
			);
			runOnlyForDeploymentPostprocessing = 0;
		};
		3620342B23CE4D5E00939EAF /* Frameworks */ = {
			isa = PBXFrameworksBuildPhase;
			buildActionMask = 2147483647;
			files = (
			);
			runOnlyForDeploymentPostprocessing = 0;
		};
		3620343623CE4D5E00939EAF /* Frameworks */ = {
			isa = PBXFrameworksBuildPhase;
			buildActionMask = 2147483647;
			files = (
			);
			runOnlyForDeploymentPostprocessing = 0;
		};
/* End PBXFrameworksBuildPhase section */

/* Begin PBXGroup section */
		1FFDE414D64252CF725E6AEE /* Pods */ = {
			isa = PBXGroup;
			children = (
				C09EB90673CBF52DAEA03C36 /* Pods-ToDoo.debug.xcconfig */,
				6B01B74D1DFBBF66DD57A4BE /* Pods-ToDoo.release.xcconfig */,
			);
			path = Pods;
			sourceTree = "<group>";
		};
		36118A7E23D386E700323AA1 /* Models */ = {
			isa = PBXGroup;
			children = (
				36118A7F23D3875E00323AA1 /* Habit.swift */,
			);
			path = Models;
			sourceTree = "<group>";
		};
		3620340D23CE4D5C00939EAF = {
			isa = PBXGroup;
			children = (
				3620341823CE4D5C00939EAF /* ToDoo */,
				3620343123CE4D5E00939EAF /* ToDooTests */,
				3620343C23CE4D5E00939EAF /* ToDooUITests */,
				3620341723CE4D5C00939EAF /* Products */,
				1FFDE414D64252CF725E6AEE /* Pods */,
				886DF484113B53AF8A44510D /* Frameworks */,
			);
			sourceTree = "<group>";
		};
		3620341723CE4D5C00939EAF /* Products */ = {
			isa = PBXGroup;
			children = (
				3620341623CE4D5C00939EAF /* ToDoo.app */,
				3620342E23CE4D5E00939EAF /* ToDooTests.xctest */,
				3620343923CE4D5E00939EAF /* ToDooUITests.xctest */,
			);
			name = Products;
			sourceTree = "<group>";
		};
		3620341823CE4D5C00939EAF /* ToDoo */ = {
			isa = PBXGroup;
			children = (
				3611111D23CF70DD0031B7EB /* GoogleService-Info.plist */,
				3620344B23CE4D7400939EAF /* ToDoo.entitlements */,
				3620341923CE4D5C00939EAF /* AppDelegate.swift */,
				3620341B23CE4D5C00939EAF /* SceneDelegate.swift */,
				3635BBAB23EB562700869962 /* ViewModels */,
				36118A7E23D386E700323AA1 /* Models */,
				368D2DCF23CE72A500B65733 /* Views */,
				368D2DCE23CE726A00B65733 /* Controllers */,
				364CBE1723CE6BFA00B14A95 /* Constants.swift */,
				36B4296523E32AE900C2369B /* Utility.swift */,
				3620342423CE4D5D00939EAF /* Assets.xcassets */,
				3620342623CE4D5D00939EAF /* LaunchScreen.storyboard */,
				3620342923CE4D5D00939EAF /* Info.plist */,
			);
			path = ToDoo;
			sourceTree = "<group>";
		};
		3620343123CE4D5E00939EAF /* ToDooTests */ = {
			isa = PBXGroup;
			children = (
				3620343223CE4D5E00939EAF /* ToDooTests.swift */,
				3620343423CE4D5E00939EAF /* Info.plist */,
			);
			path = ToDooTests;
			sourceTree = "<group>";
		};
		3620343C23CE4D5E00939EAF /* ToDooUITests */ = {
			isa = PBXGroup;
			children = (
				3620343D23CE4D5E00939EAF /* ToDooUITests.swift */,
				3620343F23CE4D5E00939EAF /* Info.plist */,
			);
			path = ToDooUITests;
			sourceTree = "<group>";
		};
		3635BBAB23EB562700869962 /* ViewModels */ = {
			isa = PBXGroup;
			children = (
				3635BBAC23EB570900869962 /* AddHabitViewModel.swift */,
			);
			path = ViewModels;
			sourceTree = "<group>";
		};
		368D2DCE23CE726A00B65733 /* Controllers */ = {
			isa = PBXGroup;
			children = (
				3620341D23CE4D5C00939EAF /* HomeViewController.swift */,
				36106D6523CF6C5F00E4143A /* AddHabitViewController.swift */,
				365787D523E104C2003699FA /* SelectDayViewController.swift */,
				3620341F23CE4D5C00939EAF /* CalendarViewController.swift */,
				364CBE1523CE5C2B00B14A95 /* SettingsViewController.swift */,
				364CBE1323CE5C1900B14A95 /* ChatViewController.swift */,
				36B6C67523CE59CB00DD4839 /* LoginViewController.swift */,
				36B6C67323CE599900DD4839 /* RegisterViewController.swift */,
				3620344C23CE53C700939EAF /* WelcomeViewController.swift */,
			);
			path = Controllers;
			sourceTree = "<group>";
		};
		368D2DCF23CE72A500B65733 /* Views */ = {
			isa = PBXGroup;
			children = (
				3620342123CE4D5C00939EAF /* Main.storyboard */,
				362F958723CFAA620056E4C9 /* HabitTableViewCell.swift */,
				3635BBB023EB5E3F00869962 /* AddHabitNameCell.swift */,
				3635BBB123EB5E3F00869962 /* AddHabitNameCell.xib */,
				3635BBB423EB657700869962 /* AddHabitColorCell.swift */,
				3635BBB523EB657700869962 /* AddHabitColorCell.xib */,
				3635BBB823EB681000869962 /* ColorCell.swift */,
				3635BBB923EB681000869962 /* ColorCell.xib */,
				3635BBBC23EB6E7500869962 /* AddHabitRepeatCell.swift */,
				3635BBBD23EB6E7500869962 /* AddHabitRepeatCell.xib */,
				3635BBC023EB704900869962 /* AddHabitToggleCell.swift */,
				3635BBC123EB704900869962 /* AddHabitToggleCell.xib */,
			);
			path = Views;
			sourceTree = "<group>";
		};
		886DF484113B53AF8A44510D /* Frameworks */ = {
			isa = PBXGroup;
			children = (
				63FE7093839B0AE6E866627D /* Pods_ToDoo.framework */,
			);
			name = Frameworks;
			sourceTree = "<group>";
		};
/* End PBXGroup section */

/* Begin PBXNativeTarget section */
		3620341523CE4D5C00939EAF /* ToDoo */ = {
			isa = PBXNativeTarget;
			buildConfigurationList = 3620344223CE4D5E00939EAF /* Build configuration list for PBXNativeTarget "ToDoo" */;
			buildPhases = (
				A23134A1AB21802CE5CB8706 /* [CP] Check Pods Manifest.lock */,
				3620341223CE4D5C00939EAF /* Sources */,
				3620341323CE4D5C00939EAF /* Frameworks */,
				3620341423CE4D5C00939EAF /* Resources */,
				1C0331BC01C8CC599627A510 /* [CP] Embed Pods Frameworks */,
			);
			buildRules = (
			);
			dependencies = (
			);
			name = ToDoo;
			productName = ToDoo;
			productReference = 3620341623CE4D5C00939EAF /* ToDoo.app */;
			productType = "com.apple.product-type.application";
		};
		3620342D23CE4D5E00939EAF /* ToDooTests */ = {
			isa = PBXNativeTarget;
			buildConfigurationList = 3620344523CE4D5E00939EAF /* Build configuration list for PBXNativeTarget "ToDooTests" */;
			buildPhases = (
				3620342A23CE4D5E00939EAF /* Sources */,
				3620342B23CE4D5E00939EAF /* Frameworks */,
				3620342C23CE4D5E00939EAF /* Resources */,
			);
			buildRules = (
			);
			dependencies = (
				3620343023CE4D5E00939EAF /* PBXTargetDependency */,
			);
			name = ToDooTests;
			productName = ToDooTests;
			productReference = 3620342E23CE4D5E00939EAF /* ToDooTests.xctest */;
			productType = "com.apple.product-type.bundle.unit-test";
		};
		3620343823CE4D5E00939EAF /* ToDooUITests */ = {
			isa = PBXNativeTarget;
			buildConfigurationList = 3620344823CE4D5E00939EAF /* Build configuration list for PBXNativeTarget "ToDooUITests" */;
			buildPhases = (
				3620343523CE4D5E00939EAF /* Sources */,
				3620343623CE4D5E00939EAF /* Frameworks */,
				3620343723CE4D5E00939EAF /* Resources */,
			);
			buildRules = (
			);
			dependencies = (
				3620343B23CE4D5E00939EAF /* PBXTargetDependency */,
			);
			name = ToDooUITests;
			productName = ToDooUITests;
			productReference = 3620343923CE4D5E00939EAF /* ToDooUITests.xctest */;
			productType = "com.apple.product-type.bundle.ui-testing";
		};
/* End PBXNativeTarget section */

/* Begin PBXProject section */
		3620340E23CE4D5C00939EAF /* Project object */ = {
			isa = PBXProject;
			attributes = {
				LastSwiftUpdateCheck = 1130;
				LastUpgradeCheck = 1130;
				ORGANIZATIONNAME = tiankai;
				TargetAttributes = {
					3620341523CE4D5C00939EAF = {
						CreatedOnToolsVersion = 11.3;
					};
					3620342D23CE4D5E00939EAF = {
						CreatedOnToolsVersion = 11.3;
						TestTargetID = 3620341523CE4D5C00939EAF;
					};
					3620343823CE4D5E00939EAF = {
						CreatedOnToolsVersion = 11.3;
						TestTargetID = 3620341523CE4D5C00939EAF;
					};
				};
			};
			buildConfigurationList = 3620341123CE4D5C00939EAF /* Build configuration list for PBXProject "ToDoo" */;
			compatibilityVersion = "Xcode 9.3";
			developmentRegion = en;
			hasScannedForEncodings = 0;
			knownRegions = (
				en,
				Base,
			);
			mainGroup = 3620340D23CE4D5C00939EAF;
			productRefGroup = 3620341723CE4D5C00939EAF /* Products */;
			projectDirPath = "";
			projectRoot = "";
			targets = (
				3620341523CE4D5C00939EAF /* ToDoo */,
				3620342D23CE4D5E00939EAF /* ToDooTests */,
				3620343823CE4D5E00939EAF /* ToDooUITests */,
			);
		};
/* End PBXProject section */

/* Begin PBXResourcesBuildPhase section */
		3620341423CE4D5C00939EAF /* Resources */ = {
			isa = PBXResourcesBuildPhase;
			buildActionMask = 2147483647;
			files = (
				3635BBB323EB5E3F00869962 /* AddHabitNameCell.xib in Resources */,
				3635BBBF23EB6E7500869962 /* AddHabitRepeatCell.xib in Resources */,
				3620342823CE4D5D00939EAF /* LaunchScreen.storyboard in Resources */,
				3635BBB723EB657700869962 /* AddHabitColorCell.xib in Resources */,
				3611111E23CF70DD0031B7EB /* GoogleService-Info.plist in Resources */,
				3620342523CE4D5D00939EAF /* Assets.xcassets in Resources */,
				3620342323CE4D5C00939EAF /* Main.storyboard in Resources */,
				3635BBC323EB704900869962 /* AddHabitToggleCell.xib in Resources */,
				3635BBBB23EB681000869962 /* ColorCell.xib in Resources */,
			);
			runOnlyForDeploymentPostprocessing = 0;
		};
		3620342C23CE4D5E00939EAF /* Resources */ = {
			isa = PBXResourcesBuildPhase;
			buildActionMask = 2147483647;
			files = (
			);
			runOnlyForDeploymentPostprocessing = 0;
		};
		3620343723CE4D5E00939EAF /* Resources */ = {
			isa = PBXResourcesBuildPhase;
			buildActionMask = 2147483647;
			files = (
			);
			runOnlyForDeploymentPostprocessing = 0;
		};
/* End PBXResourcesBuildPhase section */

/* Begin PBXShellScriptBuildPhase section */
		1C0331BC01C8CC599627A510 /* [CP] Embed Pods Frameworks */ = {
			isa = PBXShellScriptBuildPhase;
			buildActionMask = 2147483647;
			files = (
			);
			inputFileListPaths = (
				"${PODS_ROOT}/Target Support Files/Pods-ToDoo/Pods-ToDoo-frameworks-${CONFIGURATION}-input-files.xcfilelist",
			);
			name = "[CP] Embed Pods Frameworks";
			outputFileListPaths = (
				"${PODS_ROOT}/Target Support Files/Pods-ToDoo/Pods-ToDoo-frameworks-${CONFIGURATION}-output-files.xcfilelist",
			);
			runOnlyForDeploymentPostprocessing = 0;
			shellPath = /bin/sh;
			shellScript = "\"${PODS_ROOT}/Target Support Files/Pods-ToDoo/Pods-ToDoo-frameworks.sh\"\n";
			showEnvVarsInLog = 0;
		};
		A23134A1AB21802CE5CB8706 /* [CP] Check Pods Manifest.lock */ = {
			isa = PBXShellScriptBuildPhase;
			buildActionMask = 2147483647;
			files = (
			);
			inputFileListPaths = (
			);
			inputPaths = (
				"${PODS_PODFILE_DIR_PATH}/Podfile.lock",
				"${PODS_ROOT}/Manifest.lock",
			);
			name = "[CP] Check Pods Manifest.lock";
			outputFileListPaths = (
			);
			outputPaths = (
				"$(DERIVED_FILE_DIR)/Pods-ToDoo-checkManifestLockResult.txt",
			);
			runOnlyForDeploymentPostprocessing = 0;
			shellPath = /bin/sh;
			shellScript = "diff \"${PODS_PODFILE_DIR_PATH}/Podfile.lock\" \"${PODS_ROOT}/Manifest.lock\" > /dev/null\nif [ $? != 0 ] ; then\n    # print error to STDERR\n    echo \"error: The sandbox is not in sync with the Podfile.lock. Run 'pod install' or update your CocoaPods installation.\" >&2\n    exit 1\nfi\n# This output is used by Xcode 'outputs' to avoid re-running this script phase.\necho \"SUCCESS\" > \"${SCRIPT_OUTPUT_FILE_0}\"\n";
			showEnvVarsInLog = 0;
		};
/* End PBXShellScriptBuildPhase section */

/* Begin PBXSourcesBuildPhase section */
		3620341223CE4D5C00939EAF /* Sources */ = {
			isa = PBXSourcesBuildPhase;
			buildActionMask = 2147483647;
			files = (
				36B4296623E32AE900C2369B /* Utility.swift in Sources */,
				36B6C67623CE59CB00DD4839 /* LoginViewController.swift in Sources */,
				3635BBBA23EB681000869962 /* ColorCell.swift in Sources */,
				36106D6623CF6C5F00E4143A /* AddHabitViewController.swift in Sources */,
				3635BBB623EB657700869962 /* AddHabitColorCell.swift in Sources */,
				3620342023CE4D5C00939EAF /* CalendarViewController.swift in Sources */,
				364CBE1423CE5C1900B14A95 /* ChatViewController.swift in Sources */,
				3620344D23CE53C700939EAF /* WelcomeViewController.swift in Sources */,
				3620341E23CE4D5C00939EAF /* HomeViewController.swift in Sources */,
				364CBE1823CE6BFA00B14A95 /* Constants.swift in Sources */,
				36B6C67423CE599900DD4839 /* RegisterViewController.swift in Sources */,
				3620341A23CE4D5C00939EAF /* AppDelegate.swift in Sources */,
				3635BBC223EB704900869962 /* AddHabitToggleCell.swift in Sources */,
				3635BBBE23EB6E7500869962 /* AddHabitRepeatCell.swift in Sources */,
				36118A8023D3875E00323AA1 /* Habit.swift in Sources */,
				3635BBAD23EB570900869962 /* AddHabitViewModel.swift in Sources */,
				3620341C23CE4D5C00939EAF /* SceneDelegate.swift in Sources */,
				362F958823CFAA620056E4C9 /* HabitTableViewCell.swift in Sources */,
				3635BBB223EB5E3F00869962 /* AddHabitNameCell.swift in Sources */,
				364CBE1623CE5C2B00B14A95 /* SettingsViewController.swift in Sources */,
				365787D623E104C2003699FA /* SelectDayViewController.swift in Sources */,
			);
			runOnlyForDeploymentPostprocessing = 0;
		};
		3620342A23CE4D5E00939EAF /* Sources */ = {
			isa = PBXSourcesBuildPhase;
			buildActionMask = 2147483647;
			files = (
				3620343323CE4D5E00939EAF /* ToDooTests.swift in Sources */,
			);
			runOnlyForDeploymentPostprocessing = 0;
		};
		3620343523CE4D5E00939EAF /* Sources */ = {
			isa = PBXSourcesBuildPhase;
			buildActionMask = 2147483647;
			files = (
				3620343E23CE4D5E00939EAF /* ToDooUITests.swift in Sources */,
			);
			runOnlyForDeploymentPostprocessing = 0;
		};
/* End PBXSourcesBuildPhase section */

/* Begin PBXTargetDependency section */
		3620343023CE4D5E00939EAF /* PBXTargetDependency */ = {
			isa = PBXTargetDependency;
			target = 3620341523CE4D5C00939EAF /* ToDoo */;
			targetProxy = 3620342F23CE4D5E00939EAF /* PBXContainerItemProxy */;
		};
		3620343B23CE4D5E00939EAF /* PBXTargetDependency */ = {
			isa = PBXTargetDependency;
			target = 3620341523CE4D5C00939EAF /* ToDoo */;
			targetProxy = 3620343A23CE4D5E00939EAF /* PBXContainerItemProxy */;
		};
/* End PBXTargetDependency section */

/* Begin PBXVariantGroup section */
		3620342123CE4D5C00939EAF /* Main.storyboard */ = {
			isa = PBXVariantGroup;
			children = (
				3620342223CE4D5C00939EAF /* Base */,
			);
			name = Main.storyboard;
			sourceTree = "<group>";
		};
		3620342623CE4D5D00939EAF /* LaunchScreen.storyboard */ = {
			isa = PBXVariantGroup;
			children = (
				3620342723CE4D5D00939EAF /* Base */,
			);
			name = LaunchScreen.storyboard;
			sourceTree = "<group>";
		};
/* End PBXVariantGroup section */

/* Begin XCBuildConfiguration section */
		3620344023CE4D5E00939EAF /* Debug */ = {
			isa = XCBuildConfiguration;
			buildSettings = {
				ALWAYS_SEARCH_USER_PATHS = NO;
				CLANG_ANALYZER_NONNULL = YES;
				CLANG_ANALYZER_NUMBER_OBJECT_CONVERSION = YES_AGGRESSIVE;
				CLANG_CXX_LANGUAGE_STANDARD = "gnu++14";
				CLANG_CXX_LIBRARY = "libc++";
				CLANG_ENABLE_MODULES = YES;
				CLANG_ENABLE_OBJC_ARC = YES;
				CLANG_ENABLE_OBJC_WEAK = YES;
				CLANG_WARN_BLOCK_CAPTURE_AUTORELEASING = YES;
				CLANG_WARN_BOOL_CONVERSION = YES;
				CLANG_WARN_COMMA = YES;
				CLANG_WARN_CONSTANT_CONVERSION = YES;
				CLANG_WARN_DEPRECATED_OBJC_IMPLEMENTATIONS = YES;
				CLANG_WARN_DIRECT_OBJC_ISA_USAGE = YES_ERROR;
				CLANG_WARN_DOCUMENTATION_COMMENTS = YES;
				CLANG_WARN_EMPTY_BODY = YES;
				CLANG_WARN_ENUM_CONVERSION = YES;
				CLANG_WARN_INFINITE_RECURSION = YES;
				CLANG_WARN_INT_CONVERSION = YES;
				CLANG_WARN_NON_LITERAL_NULL_CONVERSION = YES;
				CLANG_WARN_OBJC_IMPLICIT_RETAIN_SELF = YES;
				CLANG_WARN_OBJC_LITERAL_CONVERSION = YES;
				CLANG_WARN_OBJC_ROOT_CLASS = YES_ERROR;
				CLANG_WARN_RANGE_LOOP_ANALYSIS = YES;
				CLANG_WARN_STRICT_PROTOTYPES = YES;
				CLANG_WARN_SUSPICIOUS_MOVE = YES;
				CLANG_WARN_UNGUARDED_AVAILABILITY = YES_AGGRESSIVE;
				CLANG_WARN_UNREACHABLE_CODE = YES;
				CLANG_WARN__DUPLICATE_METHOD_MATCH = YES;
				COPY_PHASE_STRIP = NO;
				DEBUG_INFORMATION_FORMAT = dwarf;
				ENABLE_STRICT_OBJC_MSGSEND = YES;
				ENABLE_TESTABILITY = YES;
				GCC_C_LANGUAGE_STANDARD = gnu11;
				GCC_DYNAMIC_NO_PIC = NO;
				GCC_NO_COMMON_BLOCKS = YES;
				GCC_OPTIMIZATION_LEVEL = 0;
				GCC_PREPROCESSOR_DEFINITIONS = (
					"DEBUG=1",
					"$(inherited)",
				);
				GCC_WARN_64_TO_32_BIT_CONVERSION = YES;
				GCC_WARN_ABOUT_RETURN_TYPE = YES_ERROR;
				GCC_WARN_UNDECLARED_SELECTOR = YES;
				GCC_WARN_UNINITIALIZED_AUTOS = YES_AGGRESSIVE;
				GCC_WARN_UNUSED_FUNCTION = YES;
				GCC_WARN_UNUSED_VARIABLE = YES;
				IPHONEOS_DEPLOYMENT_TARGET = 13.2;
				MTL_ENABLE_DEBUG_INFO = INCLUDE_SOURCE;
				MTL_FAST_MATH = YES;
				ONLY_ACTIVE_ARCH = YES;
				SDKROOT = iphoneos;
				SWIFT_ACTIVE_COMPILATION_CONDITIONS = DEBUG;
				SWIFT_OPTIMIZATION_LEVEL = "-Onone";
			};
			name = Debug;
		};
		3620344123CE4D5E00939EAF /* Release */ = {
			isa = XCBuildConfiguration;
			buildSettings = {
				ALWAYS_SEARCH_USER_PATHS = NO;
				CLANG_ANALYZER_NONNULL = YES;
				CLANG_ANALYZER_NUMBER_OBJECT_CONVERSION = YES_AGGRESSIVE;
				CLANG_CXX_LANGUAGE_STANDARD = "gnu++14";
				CLANG_CXX_LIBRARY = "libc++";
				CLANG_ENABLE_MODULES = YES;
				CLANG_ENABLE_OBJC_ARC = YES;
				CLANG_ENABLE_OBJC_WEAK = YES;
				CLANG_WARN_BLOCK_CAPTURE_AUTORELEASING = YES;
				CLANG_WARN_BOOL_CONVERSION = YES;
				CLANG_WARN_COMMA = YES;
				CLANG_WARN_CONSTANT_CONVERSION = YES;
				CLANG_WARN_DEPRECATED_OBJC_IMPLEMENTATIONS = YES;
				CLANG_WARN_DIRECT_OBJC_ISA_USAGE = YES_ERROR;
				CLANG_WARN_DOCUMENTATION_COMMENTS = YES;
				CLANG_WARN_EMPTY_BODY = YES;
				CLANG_WARN_ENUM_CONVERSION = YES;
				CLANG_WARN_INFINITE_RECURSION = YES;
				CLANG_WARN_INT_CONVERSION = YES;
				CLANG_WARN_NON_LITERAL_NULL_CONVERSION = YES;
				CLANG_WARN_OBJC_IMPLICIT_RETAIN_SELF = YES;
				CLANG_WARN_OBJC_LITERAL_CONVERSION = YES;
				CLANG_WARN_OBJC_ROOT_CLASS = YES_ERROR;
				CLANG_WARN_RANGE_LOOP_ANALYSIS = YES;
				CLANG_WARN_STRICT_PROTOTYPES = YES;
				CLANG_WARN_SUSPICIOUS_MOVE = YES;
				CLANG_WARN_UNGUARDED_AVAILABILITY = YES_AGGRESSIVE;
				CLANG_WARN_UNREACHABLE_CODE = YES;
				CLANG_WARN__DUPLICATE_METHOD_MATCH = YES;
				COPY_PHASE_STRIP = NO;
				DEBUG_INFORMATION_FORMAT = "dwarf-with-dsym";
				ENABLE_NS_ASSERTIONS = NO;
				ENABLE_STRICT_OBJC_MSGSEND = YES;
				GCC_C_LANGUAGE_STANDARD = gnu11;
				GCC_NO_COMMON_BLOCKS = YES;
				GCC_WARN_64_TO_32_BIT_CONVERSION = YES;
				GCC_WARN_ABOUT_RETURN_TYPE = YES_ERROR;
				GCC_WARN_UNDECLARED_SELECTOR = YES;
				GCC_WARN_UNINITIALIZED_AUTOS = YES_AGGRESSIVE;
				GCC_WARN_UNUSED_FUNCTION = YES;
				GCC_WARN_UNUSED_VARIABLE = YES;
				IPHONEOS_DEPLOYMENT_TARGET = 13.2;
				MTL_ENABLE_DEBUG_INFO = NO;
				MTL_FAST_MATH = YES;
				SDKROOT = iphoneos;
				SWIFT_COMPILATION_MODE = wholemodule;
				SWIFT_OPTIMIZATION_LEVEL = "-O";
				VALIDATE_PRODUCT = YES;
			};
			name = Release;
		};
		3620344323CE4D5E00939EAF /* Debug */ = {
			isa = XCBuildConfiguration;
			baseConfigurationReference = C09EB90673CBF52DAEA03C36 /* Pods-ToDoo.debug.xcconfig */;
			buildSettings = {
				ASSETCATALOG_COMPILER_APPICON_NAME = AppIcon;
				CODE_SIGN_ENTITLEMENTS = ToDoo/ToDoo.entitlements;
				"CODE_SIGN_IDENTITY[sdk=macosx*]" = "Apple Development";
				CODE_SIGN_STYLE = Automatic;
				INFOPLIST_FILE = ToDoo/Info.plist;
				LD_RUNPATH_SEARCH_PATHS = (
					"$(inherited)",
					"@executable_path/Frameworks",
				);
				PRODUCT_BUNDLE_IDENTIFIER = com.ece651project.ToDoo;
				PRODUCT_NAME = "$(TARGET_NAME)";
				SUPPORTS_MACCATALYST = NO;
				SWIFT_VERSION = 5.0;
				TARGETED_DEVICE_FAMILY = "1,2";
			};
			name = Debug;
		};
		3620344423CE4D5E00939EAF /* Release */ = {
			isa = XCBuildConfiguration;
			baseConfigurationReference = 6B01B74D1DFBBF66DD57A4BE /* Pods-ToDoo.release.xcconfig */;
			buildSettings = {
				ASSETCATALOG_COMPILER_APPICON_NAME = AppIcon;
				CODE_SIGN_ENTITLEMENTS = ToDoo/ToDoo.entitlements;
				"CODE_SIGN_IDENTITY[sdk=macosx*]" = "Apple Development";
				CODE_SIGN_STYLE = Automatic;
				INFOPLIST_FILE = ToDoo/Info.plist;
				LD_RUNPATH_SEARCH_PATHS = (
					"$(inherited)",
					"@executable_path/Frameworks",
				);
				PRODUCT_BUNDLE_IDENTIFIER = com.ece651project.ToDoo;
				PRODUCT_NAME = "$(TARGET_NAME)";
				SUPPORTS_MACCATALYST = NO;
				SWIFT_VERSION = 5.0;
				TARGETED_DEVICE_FAMILY = "1,2";
			};
			name = Release;
		};
		3620344623CE4D5E00939EAF /* Debug */ = {
			isa = XCBuildConfiguration;
			buildSettings = {
				ALWAYS_EMBED_SWIFT_STANDARD_LIBRARIES = YES;
				BUNDLE_LOADER = "$(TEST_HOST)";
				CODE_SIGN_STYLE = Automatic;
				INFOPLIST_FILE = ToDooTests/Info.plist;
				IPHONEOS_DEPLOYMENT_TARGET = 13.2;
				LD_RUNPATH_SEARCH_PATHS = (
					"$(inherited)",
					"@executable_path/Frameworks",
					"@loader_path/Frameworks",
				);
				PRODUCT_BUNDLE_IDENTIFIER = com.tiankai.ToDooTests;
				PRODUCT_NAME = "$(TARGET_NAME)";
				SWIFT_VERSION = 5.0;
				TARGETED_DEVICE_FAMILY = "1,2";
				TEST_HOST = "$(BUILT_PRODUCTS_DIR)/ToDoo.app/ToDoo";
			};
			name = Debug;
		};
		3620344723CE4D5E00939EAF /* Release */ = {
			isa = XCBuildConfiguration;
			buildSettings = {
				ALWAYS_EMBED_SWIFT_STANDARD_LIBRARIES = YES;
				BUNDLE_LOADER = "$(TEST_HOST)";
				CODE_SIGN_STYLE = Automatic;
				INFOPLIST_FILE = ToDooTests/Info.plist;
				IPHONEOS_DEPLOYMENT_TARGET = 13.2;
				LD_RUNPATH_SEARCH_PATHS = (
					"$(inherited)",
					"@executable_path/Frameworks",
					"@loader_path/Frameworks",
				);
				PRODUCT_BUNDLE_IDENTIFIER = com.tiankai.ToDooTests;
				PRODUCT_NAME = "$(TARGET_NAME)";
				SWIFT_VERSION = 5.0;
				TARGETED_DEVICE_FAMILY = "1,2";
				TEST_HOST = "$(BUILT_PRODUCTS_DIR)/ToDoo.app/ToDoo";
			};
			name = Release;
		};
		3620344923CE4D5E00939EAF /* Debug */ = {
			isa = XCBuildConfiguration;
			buildSettings = {
				ALWAYS_EMBED_SWIFT_STANDARD_LIBRARIES = YES;
				CODE_SIGN_STYLE = Automatic;
				INFOPLIST_FILE = ToDooUITests/Info.plist;
				LD_RUNPATH_SEARCH_PATHS = (
					"$(inherited)",
					"@executable_path/Frameworks",
					"@loader_path/Frameworks",
				);
				PRODUCT_BUNDLE_IDENTIFIER = com.tiankai.ToDooUITests;
				PRODUCT_NAME = "$(TARGET_NAME)";
				SWIFT_VERSION = 5.0;
				TARGETED_DEVICE_FAMILY = "1,2";
				TEST_TARGET_NAME = ToDoo;
			};
			name = Debug;
		};
		3620344A23CE4D5E00939EAF /* Release */ = {
			isa = XCBuildConfiguration;
			buildSettings = {
				ALWAYS_EMBED_SWIFT_STANDARD_LIBRARIES = YES;
				CODE_SIGN_STYLE = Automatic;
				INFOPLIST_FILE = ToDooUITests/Info.plist;
				LD_RUNPATH_SEARCH_PATHS = (
					"$(inherited)",
					"@executable_path/Frameworks",
					"@loader_path/Frameworks",
				);
				PRODUCT_BUNDLE_IDENTIFIER = com.tiankai.ToDooUITests;
				PRODUCT_NAME = "$(TARGET_NAME)";
				SWIFT_VERSION = 5.0;
				TARGETED_DEVICE_FAMILY = "1,2";
				TEST_TARGET_NAME = ToDoo;
			};
			name = Release;
		};
/* End XCBuildConfiguration section */

/* Begin XCConfigurationList section */
		3620341123CE4D5C00939EAF /* Build configuration list for PBXProject "ToDoo" */ = {
			isa = XCConfigurationList;
			buildConfigurations = (
				3620344023CE4D5E00939EAF /* Debug */,
				3620344123CE4D5E00939EAF /* Release */,
			);
			defaultConfigurationIsVisible = 0;
			defaultConfigurationName = Release;
		};
		3620344223CE4D5E00939EAF /* Build configuration list for PBXNativeTarget "ToDoo" */ = {
			isa = XCConfigurationList;
			buildConfigurations = (
				3620344323CE4D5E00939EAF /* Debug */,
				3620344423CE4D5E00939EAF /* Release */,
			);
			defaultConfigurationIsVisible = 0;
			defaultConfigurationName = Release;
		};
		3620344523CE4D5E00939EAF /* Build configuration list for PBXNativeTarget "ToDooTests" */ = {
			isa = XCConfigurationList;
			buildConfigurations = (
				3620344623CE4D5E00939EAF /* Debug */,
				3620344723CE4D5E00939EAF /* Release */,
			);
			defaultConfigurationIsVisible = 0;
			defaultConfigurationName = Release;
		};
		3620344823CE4D5E00939EAF /* Build configuration list for PBXNativeTarget "ToDooUITests" */ = {
			isa = XCConfigurationList;
			buildConfigurations = (
				3620344923CE4D5E00939EAF /* Debug */,
				3620344A23CE4D5E00939EAF /* Release */,
			);
			defaultConfigurationIsVisible = 0;
			defaultConfigurationName = Release;
		};
/* End XCConfigurationList section */
	};
	rootObject = 3620340E23CE4D5C00939EAF /* Project object */;
}
